
Microsoft Visual Studio Solution File, Format Version 12.00
# Visual Studio Version 16
VisualStudioVersion = 16.0.31005.135
MinimumVisualStudioVersion = 10.0.40219.1
Project("{9A19103F-16F7-4668-BE54-9A1E7A4F7556}") = "Disdain Account Server", "Disdain Account Server\Disdain Account Server.csproj", "{D1553D83-ACD3-4F5C-9441-09481F9FDA05}"
EndProject
Global
	GlobalSection(SolutionConfigurationPlatforms) = preSolution
		Debug|Any CPU = Debug|Any CPU
		Release|Any CPU = Release|Any CPU
	EndGlobalSection
	GlobalSection(ProjectConfigurationPlatforms) = postSolution
		{D1553D83-ACD3-4F5C-9441-09481F9FDA05}.Debug|Any CPU.ActiveCfg = Debug|Any CPU
		{D1553D83-ACD3-4F5C-9441-09481F9FDA05}.Debug|Any CPU.Build.0 = Debug|Any CPU
		{D1553D83-ACD3-4F5C-9441-09481F9FDA05}.Release|Any CPU.ActiveCfg = Release|Any CPU
		{D1553D83-ACD3-4F5C-9441-09481F9FDA05}.Release|Any CPU.Build.0 = Release|Any CPU
	EndGlobalSection
	GlobalSection(SolutionProperties) = preSolution
		HideSolutionNode = FALSE
	EndGlobalSection
	GlobalSection(ExtensibilityGlobals) = postSolution
		SolutionGuid = {F6E2AEF0-B8AA-4944-A77D-182F69DFF652}
	EndGlobalSection
EndGlobal
