
Microsoft Visual Studio Solution File, Format Version 12.00
# Visual Studio 15
Project("{FAE04EC0-301F-11D3-BF4B-00C04F79EFBC}") = "Assembly-CSharp", "Assembly-CSharp.csproj", "{2E2AB8AB-55B7-95AC-F180-BC3F4341E1EA}"
EndProject
Project("{FAE04EC0-301F-11D3-BF4B-00C04F79EFBC}") = "Assembly-CSharp-Editor", "Assembly-CSharp-Editor.csproj", "{986972AD-BA84-2619-CF2B-43368C2BBBE2}"
EndProject
Global
	GlobalSection(SolutionConfigurationPlatforms) = preSolution
		Debug|Any CPU = Debug|Any CPU
		Release|Any CPU = Release|Any CPU
	EndGlobalSection
	GlobalSection(ProjectConfigurationPlatforms) = postSolution
		{2E2AB8AB-55B7-95AC-F180-BC3F4341E1EA}.Debug|Any CPU.ActiveCfg = Debug|Any CPU
		{2E2AB8AB-55B7-95AC-F180-BC3F4341E1EA}.Debug|Any CPU.Build.0 = Debug|Any CPU
		{2E2AB8AB-55B7-95AC-F180-BC3F4341E1EA}.Release|Any CPU.ActiveCfg = Release|Any CPU
		{2E2AB8AB-55B7-95AC-F180-BC3F4341E1EA}.Release|Any CPU.Build.0 = Release|Any CPU
		{986972AD-BA84-2619-CF2B-43368C2BBBE2}.Debug|Any CPU.ActiveCfg = Debug|Any CPU
		{986972AD-BA84-2619-CF2B-43368C2BBBE2}.Debug|Any CPU.Build.0 = Debug|Any CPU
		{986972AD-BA84-2619-CF2B-43368C2BBBE2}.Release|Any CPU.ActiveCfg = Release|Any CPU
		{986972AD-BA84-2619-CF2B-43368C2BBBE2}.Release|Any CPU.Build.0 = Release|Any CPU
	EndGlobalSection
	GlobalSection(SolutionProperties) = preSolution
		HideSolutionNode = FALSE
	EndGlobalSection
EndGlobal
