<?xml version="1.0" encoding="utf-8"?>
<Project ToolsVersion="4.0" xmlns="http://schemas.microsoft.com/developer/msbuild/2003">
  <ItemGroup>
    <Filter Include="Source Files">
      <UniqueIdentifier>{4FC737F1-C7A5-4376-A066-2A32D752A2FF}</UniqueIdentifier>
      <Extensions>cpp;c;cc;cxx;c++;cppm;ixx;def;odl;idl;hpj;bat;asm;asmx</Extensions>
    </Filter>
    <Filter Include="Header Files">
      <UniqueIdentifier>{93995380-89BD-4b04-88EB-625FBE52EBFB}</UniqueIdentifier>
      <Extensions>h;hh;hpp;hxx;h++;hm;inl;inc;ipp;xsd</Extensions>
    </Filter>
    <Filter Include="Resource Files">
      <UniqueIdentifier>{67DA6AB6-F800-4c08-8B7A-83BB121AAD01}</UniqueIdentifier>
      <Extensions>rc;ico;cur;bmp;dlg;rc2;rct;bin;rgs;gif;jpg;jpeg;jpe;resx;tiff;tif;png;wav;mfcribbon-ms</Extensions>
    </Filter>
    <Filter Include="Header Files\Containers">
      <UniqueIdentifier>{c6cc0a2b-bcfd-4ca1-9d2b-81f7a8490a59}</UniqueIdentifier>
    </Filter>
    <Filter Include="Header Files\Libraries">
      <UniqueIdentifier>{ae07a2fc-2127-43e4-bab1-e88cb67ec14a}</UniqueIdentifier>
    </Filter>
    <Filter Include="Header Files\Libraries\common">
      <UniqueIdentifier>{41d0f072-fcf1-4c74-8a03-8da6c69b3db0}</UniqueIdentifier>
    </Filter>
    <Filter Include="Header Files\Libraries\procedural gen">
      <UniqueIdentifier>{7d6bbf4a-a0aa-47da-b7c2-8e037c4e383a}</UniqueIdentifier>
    </Filter>
    <Filter Include="Header Files\Libraries\server funcs">
      <UniqueIdentifier>{b0882509-ac0f-44b8-b209-97b940c381a8}</UniqueIdentifier>
    </Filter>
    <Filter Include="Header Files\Containers\generation">
      <UniqueIdentifier>{fc1294ab-58d7-4a1e-a187-3460677efe5b}</UniqueIdentifier>
    </Filter>
  </ItemGroup>
  <ItemGroup>
    <ClCompile Include="server.cpp">
      <Filter>Source Files</Filter>
    </ClCompile>
    <ClCompile Include="client.h">
      <Filter>Header Files\Containers</Filter>
    </ClCompile>
  </ItemGroup>
  <ItemGroup>
    <ClInclude Include="heightmap_gen.h">
      <Filter>Header Files\Libraries\procedural gen</Filter>
    </ClInclude>
    <ClInclude Include="math.h">
      <Filter>Header Files\Libraries\common</Filter>
    </ClInclude>
    <ClInclude Include="send.h">
      <Filter>Header Files\Libraries\server funcs</Filter>
    </ClInclude>
    <ClInclude Include="handle.h">
      <Filter>Header Files\Libraries\server funcs</Filter>
    </ClInclude>
    <ClInclude Include="simplex_noise.h">
      <Filter>Header Files\Libraries\procedural gen</Filter>
    </ClInclude>
    <ClInclude Include="packet.h">
      <Filter>Header Files\Containers</Filter>
    </ClInclude>
    <ClInclude Include="vectors.h">
      <Filter>Header Files\Containers</Filter>
    </ClInclude>
    <ClInclude Include="threading.h">
      <Filter>Header Files\Libraries\server funcs</Filter>
    </ClInclude>
    <ClInclude Include="generate_data.h">
      <Filter>Header Files\Containers\generation</Filter>
    </ClInclude>
    <ClInclude Include="chunk_data.h">
      <Filter>Header Files\Containers\generation</Filter>
    </ClInclude>
    <ClInclude Include="prop_gen.h">
      <Filter>Header Files\Libraries\procedural gen</Filter>
    </ClInclude>
    <ClInclude Include="weighting.h">
      <Filter>Header Files\Libraries\common</Filter>
    </ClInclude>
    <ClInclude Include="random.h">
      <Filter>Header Files\Libraries\common</Filter>
    </ClInclude>
  </ItemGroup>
  <ItemGroup>
    <Text Include="generate_data.txt">
      <Filter>Resource Files</Filter>
    </Text>
  </ItemGroup>
</Project>