
Microsoft Visual Studio Solution File, Format Version 12.00
# Visual Studio 15
Project("{FAE04EC0-301F-11D3-BF4B-00C04F79EFBC}") = "Assembly-CSharp", "Assembly-CSharp.csproj", "{FA95AAB4-BD0F-36B9-259D-C295DE217A97}"
EndProject
Project("{FAE04EC0-301F-11D3-BF4B-00C04F79EFBC}") = "Assembly-CSharp-Editor", "Assembly-CSharp-Editor.csproj", "{0460E160-E53F-8AD7-6893-FEB25320DF87}"
EndProject
Global
	GlobalSection(SolutionConfigurationPlatforms) = preSolution
		Debug|Any CPU = Debug|Any CPU
		Release|Any CPU = Release|Any CPU
	EndGlobalSection
	GlobalSection(ProjectConfigurationPlatforms) = postSolution
		{FA95AAB4-BD0F-36B9-259D-C295DE217A97}.Debug|Any CPU.ActiveCfg = Debug|Any CPU
		{FA95AAB4-BD0F-36B9-259D-C295DE217A97}.Debug|Any CPU.Build.0 = Debug|Any CPU
		{FA95AAB4-BD0F-36B9-259D-C295DE217A97}.Release|Any CPU.ActiveCfg = Release|Any CPU
		{FA95AAB4-BD0F-36B9-259D-C295DE217A97}.Release|Any CPU.Build.0 = Release|Any CPU
		{0460E160-E53F-8AD7-6893-FEB25320DF87}.Debug|Any CPU.ActiveCfg = Debug|Any CPU
		{0460E160-E53F-8AD7-6893-FEB25320DF87}.Debug|Any CPU.Build.0 = Debug|Any CPU
		{0460E160-E53F-8AD7-6893-FEB25320DF87}.Release|Any CPU.ActiveCfg = Release|Any CPU
		{0460E160-E53F-8AD7-6893-FEB25320DF87}.Release|Any CPU.Build.0 = Release|Any CPU
	EndGlobalSection
	GlobalSection(SolutionProperties) = preSolution
		HideSolutionNode = FALSE
	EndGlobalSection
EndGlobal
